
Microsoft Visual Studio Solution File, Format Version 12.00
# Visual Studio Version 16
VisualStudioVersion = 16.0.31112.23
MinimumVisualStudioVersion = 10.0.40219.1
Project("{2150E333-8FDC-42A3-9474-1A3956D46DE8}") = "SolutionItems", "SolutionItems", "{A104CFD7-8F2E-45FB-89D8-02BC0D6B5DCD}"
	ProjectSection(SolutionItems) = preProject
		.gitmodules = .gitmodules
		CODEOWNERS = CODEOWNERS
	EndProjectSection
EndProject
Project("{2150E333-8FDC-42A3-9474-1A3956D46DE8}") = "VSIX", "VSIX", "{DA9AE8B0-E76C-4BB3-AC7D-4BC22AC0CDA7}"
EndProject
Project("{2150E333-8FDC-42A3-9474-1A3956D46DE8}") = "source", "source", "{9472FAA2-00BB-4214-8065-89CE44C7A609}"
EndProject
Project("{2150E333-8FDC-42A3-9474-1A3956D46DE8}") = "Core", "Core", "{FA9C64BA-4AAD-45D3-BEC6-28279EEA9B15}"
EndProject
Project("{2150E333-8FDC-42A3-9474-1A3956D46DE8}") = "FNA", "FNA", "{537143EF-F032-452A-ACD0-6C74498EE7F0}"
EndProject
Project("{2150E333-8FDC-42A3-9474-1A3956D46DE8}") = "Monogame", "Monogame", "{126ED6CD-0A45-4D9E-9065-12F5AB326FEE}"
EndProject
Project("{FAE04EC0-301F-11D3-BF4B-00C04F79EFBC}") = "GenericLibraryVSIX", "XnaReplacementSupportedLibraryVSIX\GenericLibraryVSIX.csproj", "{2FBA08F7-9704-450F-95DF-A7691F4907C5}"
EndProject
Project("{9A19103F-16F7-4668-BE54-9A1E7A4F7556}") = "Core", "source\Core\Core\Core.csproj", "{01965EC5-A718-40D2-92C7-9405E20E824A}"
EndProject
Project("{9A19103F-16F7-4668-BE54-9A1E7A4F7556}") = "Core.DevEnv", "source\Core\Core.DevEnv\Core.DevEnv.csproj", "{AE43253B-1ACB-4385-B164-D86224354CAF}"
EndProject
Project("{9A19103F-16F7-4668-BE54-9A1E7A4F7556}") = "FNA", "source\FNA\FNA\FNA.csproj", "{0B487A34-D87D-43BF-B31E-1DBFD95CB2BE}"
EndProject
Project("{9A19103F-16F7-4668-BE54-9A1E7A4F7556}") = "FNA.DevEnv", "source\FNA\FNA.DevEnv\FNA.DevEnv.csproj", "{615B3817-5039-4448-AE3F-76A641AD9CD2}"
EndProject
Project("{9A19103F-16F7-4668-BE54-9A1E7A4F7556}") = "Monogame", "source\Monogame\Monogame\Monogame.csproj", "{89467E38-9878-4B06-8442-78EC71E0E0DF}"
EndProject
Project("{9A19103F-16F7-4668-BE54-9A1E7A4F7556}") = "Monogame.DevEnv", "source\Monogame\Monogame.DevEnv\Monogame.DevEnv.csproj", "{89759B42-DBEB-409E-B701-16B7A105289B}"
EndProject
Global
	GlobalSection(SolutionConfigurationPlatforms) = preSolution
		Debug|Any CPU = Debug|Any CPU
		Debug|x64 = Debug|x64
		Debug|x86 = Debug|x86
		Release|Any CPU = Release|Any CPU
		Release|x64 = Release|x64
		Release|x86 = Release|x86
	EndGlobalSection
	GlobalSection(ProjectConfigurationPlatforms) = postSolution
		{2FBA08F7-9704-450F-95DF-A7691F4907C5}.Debug|Any CPU.ActiveCfg = Debug|Any CPU
		{2FBA08F7-9704-450F-95DF-A7691F4907C5}.Debug|Any CPU.Build.0 = Debug|Any CPU
		{2FBA08F7-9704-450F-95DF-A7691F4907C5}.Debug|x64.ActiveCfg = Debug|Any CPU
		{2FBA08F7-9704-450F-95DF-A7691F4907C5}.Debug|x64.Build.0 = Debug|Any CPU
		{2FBA08F7-9704-450F-95DF-A7691F4907C5}.Debug|x86.ActiveCfg = Debug|Any CPU
		{2FBA08F7-9704-450F-95DF-A7691F4907C5}.Debug|x86.Build.0 = Debug|Any CPU
		{2FBA08F7-9704-450F-95DF-A7691F4907C5}.Release|Any CPU.ActiveCfg = Release|Any CPU
		{2FBA08F7-9704-450F-95DF-A7691F4907C5}.Release|Any CPU.Build.0 = Release|Any CPU
		{2FBA08F7-9704-450F-95DF-A7691F4907C5}.Release|x64.ActiveCfg = Release|Any CPU
		{2FBA08F7-9704-450F-95DF-A7691F4907C5}.Release|x64.Build.0 = Release|Any CPU
		{2FBA08F7-9704-450F-95DF-A7691F4907C5}.Release|x86.ActiveCfg = Release|Any CPU
		{2FBA08F7-9704-450F-95DF-A7691F4907C5}.Release|x86.Build.0 = Release|Any CPU
		{01965EC5-A718-40D2-92C7-9405E20E824A}.Debug|Any CPU.ActiveCfg = Debug|Any CPU
		{01965EC5-A718-40D2-92C7-9405E20E824A}.Debug|Any CPU.Build.0 = Debug|Any CPU
		{01965EC5-A718-40D2-92C7-9405E20E824A}.Debug|x64.ActiveCfg = Debug|Any CPU
		{01965EC5-A718-40D2-92C7-9405E20E824A}.Debug|x64.Build.0 = Debug|Any CPU
		{01965EC5-A718-40D2-92C7-9405E20E824A}.Debug|x86.ActiveCfg = Debug|Any CPU
		{01965EC5-A718-40D2-92C7-9405E20E824A}.Debug|x86.Build.0 = Debug|Any CPU
		{01965EC5-A718-40D2-92C7-9405E20E824A}.Release|Any CPU.ActiveCfg = Release|Any CPU
		{01965EC5-A718-40D2-92C7-9405E20E824A}.Release|Any CPU.Build.0 = Release|Any CPU
		{01965EC5-A718-40D2-92C7-9405E20E824A}.Release|x64.ActiveCfg = Release|Any CPU
		{01965EC5-A718-40D2-92C7-9405E20E824A}.Release|x64.Build.0 = Release|Any CPU
		{01965EC5-A718-40D2-92C7-9405E20E824A}.Release|x86.ActiveCfg = Release|Any CPU
		{01965EC5-A718-40D2-92C7-9405E20E824A}.Release|x86.Build.0 = Release|Any CPU
		{AE43253B-1ACB-4385-B164-D86224354CAF}.Debug|Any CPU.ActiveCfg = Debug|Any CPU
		{AE43253B-1ACB-4385-B164-D86224354CAF}.Debug|Any CPU.Build.0 = Debug|Any CPU
		{AE43253B-1ACB-4385-B164-D86224354CAF}.Debug|x64.ActiveCfg = Debug|Any CPU
		{AE43253B-1ACB-4385-B164-D86224354CAF}.Debug|x64.Build.0 = Debug|Any CPU
		{AE43253B-1ACB-4385-B164-D86224354CAF}.Debug|x86.ActiveCfg = Debug|Any CPU
		{AE43253B-1ACB-4385-B164-D86224354CAF}.Debug|x86.Build.0 = Debug|Any CPU
		{AE43253B-1ACB-4385-B164-D86224354CAF}.Release|Any CPU.ActiveCfg = Release|Any CPU
		{AE43253B-1ACB-4385-B164-D86224354CAF}.Release|Any CPU.Build.0 = Release|Any CPU
		{AE43253B-1ACB-4385-B164-D86224354CAF}.Release|x64.ActiveCfg = Release|Any CPU
		{AE43253B-1ACB-4385-B164-D86224354CAF}.Release|x64.Build.0 = Release|Any CPU
		{AE43253B-1ACB-4385-B164-D86224354CAF}.Release|x86.ActiveCfg = Release|Any CPU
		{AE43253B-1ACB-4385-B164-D86224354CAF}.Release|x86.Build.0 = Release|Any CPU
		{0B487A34-D87D-43BF-B31E-1DBFD95CB2BE}.Debug|Any CPU.ActiveCfg = Debug|Any CPU
		{0B487A34-D87D-43BF-B31E-1DBFD95CB2BE}.Debug|Any CPU.Build.0 = Debug|Any CPU
		{0B487A34-D87D-43BF-B31E-1DBFD95CB2BE}.Debug|x64.ActiveCfg = Debug|x64
		{0B487A34-D87D-43BF-B31E-1DBFD95CB2BE}.Debug|x64.Build.0 = Debug|x64
		{0B487A34-D87D-43BF-B31E-1DBFD95CB2BE}.Debug|x86.ActiveCfg = Debug|Any CPU
		{0B487A34-D87D-43BF-B31E-1DBFD95CB2BE}.Debug|x86.Build.0 = Debug|Any CPU
		{0B487A34-D87D-43BF-B31E-1DBFD95CB2BE}.Release|Any CPU.ActiveCfg = Release|Any CPU
		{0B487A34-D87D-43BF-B31E-1DBFD95CB2BE}.Release|Any CPU.Build.0 = Release|Any CPU
		{0B487A34-D87D-43BF-B31E-1DBFD95CB2BE}.Release|x64.ActiveCfg = Release|x64
		{0B487A34-D87D-43BF-B31E-1DBFD95CB2BE}.Release|x64.Build.0 = Release|x64
		{0B487A34-D87D-43BF-B31E-1DBFD95CB2BE}.Release|x86.ActiveCfg = Release|Any CPU
		{0B487A34-D87D-43BF-B31E-1DBFD95CB2BE}.Release|x86.Build.0 = Release|Any CPU
		{615B3817-5039-4448-AE3F-76A641AD9CD2}.Debug|Any CPU.ActiveCfg = Debug|Any CPU
		{615B3817-5039-4448-AE3F-76A641AD9CD2}.Debug|Any CPU.Build.0 = Debug|Any CPU
		{615B3817-5039-4448-AE3F-76A641AD9CD2}.Debug|x64.ActiveCfg = Debug|x64
		{615B3817-5039-4448-AE3F-76A641AD9CD2}.Debug|x64.Build.0 = Debug|x64
		{615B3817-5039-4448-AE3F-76A641AD9CD2}.Debug|x86.ActiveCfg = Debug|x86
		{615B3817-5039-4448-AE3F-76A641AD9CD2}.Debug|x86.Build.0 = Debug|x86
		{615B3817-5039-4448-AE3F-76A641AD9CD2}.Release|Any CPU.ActiveCfg = Release|Any CPU
		{615B3817-5039-4448-AE3F-76A641AD9CD2}.Release|Any CPU.Build.0 = Release|Any CPU
		{615B3817-5039-4448-AE3F-76A641AD9CD2}.Release|x64.ActiveCfg = Release|x64
		{615B3817-5039-4448-AE3F-76A641AD9CD2}.Release|x64.Build.0 = Release|x64
		{615B3817-5039-4448-AE3F-76A641AD9CD2}.Release|x86.ActiveCfg = Release|x86
		{615B3817-5039-4448-AE3F-76A641AD9CD2}.Release|x86.Build.0 = Release|x86
		{89467E38-9878-4B06-8442-78EC71E0E0DF}.Debug|Any CPU.ActiveCfg = Debug|Any CPU
		{89467E38-9878-4B06-8442-78EC71E0E0DF}.Debug|Any CPU.Build.0 = Debug|Any CPU
		{89467E38-9878-4B06-8442-78EC71E0E0DF}.Debug|x64.ActiveCfg = Debug|x64
		{89467E38-9878-4B06-8442-78EC71E0E0DF}.Debug|x64.Build.0 = Debug|x64
		{89467E38-9878-4B06-8442-78EC71E0E0DF}.Debug|x86.ActiveCfg = Debug|Any CPU
		{89467E38-9878-4B06-8442-78EC71E0E0DF}.Debug|x86.Build.0 = Debug|Any CPU
		{89467E38-9878-4B06-8442-78EC71E0E0DF}.Release|Any CPU.ActiveCfg = Release|Any CPU
		{89467E38-9878-4B06-8442-78EC71E0E0DF}.Release|Any CPU.Build.0 = Release|Any CPU
		{89467E38-9878-4B06-8442-78EC71E0E0DF}.Release|x64.ActiveCfg = Release|x64
		{89467E38-9878-4B06-8442-78EC71E0E0DF}.Release|x64.Build.0 = Release|x64
		{89467E38-9878-4B06-8442-78EC71E0E0DF}.Release|x86.ActiveCfg = Release|Any CPU
		{89467E38-9878-4B06-8442-78EC71E0E0DF}.Release|x86.Build.0 = Release|Any CPU
		{89759B42-DBEB-409E-B701-16B7A105289B}.Debug|Any CPU.ActiveCfg = Debug|Any CPU
		{89759B42-DBEB-409E-B701-16B7A105289B}.Debug|Any CPU.Build.0 = Debug|Any CPU
		{89759B42-DBEB-409E-B701-16B7A105289B}.Debug|x64.ActiveCfg = Debug|Any CPU
		{89759B42-DBEB-409E-B701-16B7A105289B}.Debug|x64.Build.0 = Debug|Any CPU
		{89759B42-DBEB-409E-B701-16B7A105289B}.Debug|x86.ActiveCfg = Debug|Any CPU
		{89759B42-DBEB-409E-B701-16B7A105289B}.Debug|x86.Build.0 = Debug|Any CPU
		{89759B42-DBEB-409E-B701-16B7A105289B}.Release|Any CPU.ActiveCfg = Release|Any CPU
		{89759B42-DBEB-409E-B701-16B7A105289B}.Release|Any CPU.Build.0 = Release|Any CPU
		{89759B42-DBEB-409E-B701-16B7A105289B}.Release|x64.ActiveCfg = Release|Any CPU
		{89759B42-DBEB-409E-B701-16B7A105289B}.Release|x64.Build.0 = Release|Any CPU
		{89759B42-DBEB-409E-B701-16B7A105289B}.Release|x86.ActiveCfg = Release|Any CPU
		{89759B42-DBEB-409E-B701-16B7A105289B}.Release|x86.Build.0 = Release|Any CPU
	EndGlobalSection
	GlobalSection(SolutionProperties) = preSolution
		HideSolutionNode = FALSE
	EndGlobalSection
	GlobalSection(NestedProjects) = preSolution
		{FA9C64BA-4AAD-45D3-BEC6-28279EEA9B15} = {9472FAA2-00BB-4214-8065-89CE44C7A609}
		{537143EF-F032-452A-ACD0-6C74498EE7F0} = {9472FAA2-00BB-4214-8065-89CE44C7A609}
		{126ED6CD-0A45-4D9E-9065-12F5AB326FEE} = {9472FAA2-00BB-4214-8065-89CE44C7A609}
		{2FBA08F7-9704-450F-95DF-A7691F4907C5} = {DA9AE8B0-E76C-4BB3-AC7D-4BC22AC0CDA7}
		{01965EC5-A718-40D2-92C7-9405E20E824A} = {FA9C64BA-4AAD-45D3-BEC6-28279EEA9B15}
		{AE43253B-1ACB-4385-B164-D86224354CAF} = {FA9C64BA-4AAD-45D3-BEC6-28279EEA9B15}
		{0B487A34-D87D-43BF-B31E-1DBFD95CB2BE} = {537143EF-F032-452A-ACD0-6C74498EE7F0}
		{615B3817-5039-4448-AE3F-76A641AD9CD2} = {537143EF-F032-452A-ACD0-6C74498EE7F0}
		{89467E38-9878-4B06-8442-78EC71E0E0DF} = {126ED6CD-0A45-4D9E-9065-12F5AB326FEE}
		{89759B42-DBEB-409E-B701-16B7A105289B} = {126ED6CD-0A45-4D9E-9065-12F5AB326FEE}
	EndGlobalSection
	GlobalSection(ExtensibilityGlobals) = postSolution
		SolutionGuid = {5EF08031-0858-4824-88B8-11B63A46B77C}
	EndGlobalSection
EndGlobal
